
Microsoft Visual Studio Solution File, Format Version 12.00
# Visual Studio Version 16
VisualStudioVersion = 16.0.29209.62
MinimumVisualStudioVersion = 10.0.40219.1
Project("{FAE04EC0-301F-11D3-BF4B-00C04F79EFBC}") = "Tlkative", "Tlkative\Tlkative.csproj", "{AC3B5139-342B-4523-8003-1C25D827771F}"
EndProject
Project("{54435603-DBB4-11D2-8724-00A0C9A8B90C}") = "Talkativehands", "Talkativehands\Talkativehands.vdproj", "{703110CF-F5D6-49A5-9701-846F51F3850E}"
EndProject
Global
	GlobalSection(SolutionConfigurationPlatforms) = preSolution
		Debug|Any CPU = Debug|Any CPU
		Release|Any CPU = Release|Any CPU
	EndGlobalSection
	GlobalSection(ProjectConfigurationPlatforms) = postSolution
		{AC3B5139-342B-4523-8003-1C25D827771F}.Debug|Any CPU.ActiveCfg = Debug|Any CPU
		{AC3B5139-342B-4523-8003-1C25D827771F}.Debug|Any CPU.Build.0 = Debug|Any CPU
		{AC3B5139-342B-4523-8003-1C25D827771F}.Release|Any CPU.ActiveCfg = Release|Any CPU
		{AC3B5139-342B-4523-8003-1C25D827771F}.Release|Any CPU.Build.0 = Release|Any CPU
		{703110CF-F5D6-49A5-9701-846F51F3850E}.Debug|Any CPU.ActiveCfg = Debug
		{703110CF-F5D6-49A5-9701-846F51F3850E}.Release|Any CPU.ActiveCfg = Release
	EndGlobalSection
	GlobalSection(SolutionProperties) = preSolution
		HideSolutionNode = FALSE
	EndGlobalSection
	GlobalSection(ExtensibilityGlobals) = postSolution
		SolutionGuid = {07E40FE8-1E9C-4A2B-8619-31A29C1C9F0E}
	EndGlobalSection
EndGlobal
